# @generated by Move, please check-in and do not edit manually.

[move]
version = 2
manifest_digest = "FF27328F97067FC841E6D1C5E04352F3BF3591485FE88A21EC9E570EC6288054"
deps_digest = "3C4103934B1E040BB6B23F1D610B4EF9F2F1166A50A104EADCF77467C004C600"
dependencies = [
  { name = "Sui" },
  { name = "SuiSystem" },
]

[[move.package]]
name = "MoveStdlib"
source = { git = "https://github.com/0xripleys/sui.git", rev = "lst_prototype", subdir = "crates/sui-framework/packages/move-stdlib" }

[[move.package]]
name = "Sui"
source = { git = "https://github.com/0xripleys/sui.git", rev = "lst_prototype", subdir = "crates/sui-framework/packages/sui-framework" }

dependencies = [
  { name = "MoveStdlib" },
]

[[move.package]]
name = "SuiSystem"
source = { git = "https://github.com/0xripleys/sui.git", rev = "lst_prototype", subdir = "crates/sui-framework/packages/sui-system" }

dependencies = [
  { name = "MoveStdlib" },
  { name = "Sui" },
]

[move.toolchain-version]
compiler-version = "1.24.1"
edition = "2024.beta"
flavor = "sui"
