# @generated by Move, please check-in and do not edit manually.

[move]
version = 2
manifest_digest = "0D08BCE2F6232AB70A68D2321C3AEC5F0BD1B47C7DA21BFC71F8A81A0A6ABCBC"
deps_digest = "3C4103934B1E040BB6B23F1D610B4EF9F2F1166A50A104EADCF77467C004C600"
dependencies = [
  { name = "Sui" },
  { name = "SuiSystem" },
]

[[move.package]]
name = "MoveStdlib"
source = { git = "https://github.com/0xripleys/sui.git", rev = "staking_pool_lst", subdir = "crates/sui-framework/packages/move-stdlib" }

[[move.package]]
name = "Sui"
source = { git = "https://github.com/0xripleys/sui.git", rev = "staking_pool_lst", subdir = "crates/sui-framework/packages/sui-framework" }

dependencies = [
  { name = "MoveStdlib" },
]

[[move.package]]
name = "SuiSystem"
source = { git = "https://github.com/0xripleys/sui.git", rev = "staking_pool_lst", subdir = "crates/sui-framework/packages/sui-system" }

dependencies = [
  { name = "MoveStdlib" },
  { name = "Sui" },
]

[move.toolchain-version]
compiler-version = "1.24.1"
edition = "2024.beta"
flavor = "sui"
