# @generated by Move, please check-in and do not edit manually.

[move]
version = 3
manifest_digest = "5AAC586FABD59F3A3078212CF6DAB2C093591DA481388CCAC79C4FD6D670F92C"
deps_digest = "3C4103934B1E040BB6B23F1D610B4EF9F2F1166A50A104EADCF77467C004C600"
dependencies = [
  { id = "Sui", name = "Sui" },
  { id = "SuiSystem", name = "SuiSystem" },
]

[[move.package]]
id = "MoveStdlib"
source = { git = "https://github.com/MystenLabs/sui.git", rev = "framework/mainnet", subdir = "crates/sui-framework/packages/move-stdlib" }

[[move.package]]
id = "Sui"
source = { git = "https://github.com/MystenLabs/sui.git", rev = "framework/mainnet", subdir = "crates/sui-framework/packages/sui-framework" }

dependencies = [
  { id = "MoveStdlib", name = "MoveStdlib" },
]

[[move.package]]
id = "SuiSystem"
source = { git = "https://github.com/MystenLabs/sui.git", rev = "framework/mainnet", subdir = "crates/sui-framework/packages/sui-system" }

dependencies = [
  { id = "MoveStdlib", name = "MoveStdlib" },
  { id = "Sui", name = "Sui" },
]

[move.toolchain-version]
compiler-version = "1.36.2"
edition = "2024.beta"
flavor = "sui"

[env]

[env.testnet]
chain-id = "4c78adac"
original-published-id = "0x054acc66b4e75276f5c0adc18468170b9d46ccd83cfd00d148af82982a2c0fc6"
latest-published-id = "0x054acc66b4e75276f5c0adc18468170b9d46ccd83cfd00d148af82982a2c0fc6"
published-version = "1"

[env.mainnet]
chain-id = "35834a8a"
original-published-id = "0xb0575765166030556a6eafd3b1b970eba8183ff748860680245b9edd41c716e7"
latest-published-id = "0x82e6f4f75441eae97d2d5850f41a09d28c7b64a05b067d37748d471f43aaf3f7"
published-version = "4"
