# @generated by Move, please check-in and do not edit manually.

[move]
version = 3
manifest_digest = "09CFE29C47651284FED7794DDBFDA689E34504193A8D50FBEBD98411C54050B8"
deps_digest = "3C4103934B1E040BB6B23F1D610B4EF9F2F1166A50A104EADCF77467C004C600"
dependencies = [
  { id = "Sui", name = "Sui" },
  { id = "SuiSystem", name = "SuiSystem" },
]

[[move.package]]
id = "MoveStdlib"
source = { git = "https://github.com/MystenLabs/sui.git", rev = "framework/mainnet", subdir = "crates/sui-framework/packages/move-stdlib" }

[[move.package]]
id = "Sui"
source = { git = "https://github.com/MystenLabs/sui.git", rev = "framework/mainnet", subdir = "crates/sui-framework/packages/sui-framework" }

dependencies = [
  { id = "MoveStdlib", name = "MoveStdlib" },
]

[[move.package]]
id = "SuiSystem"
source = { git = "https://github.com/MystenLabs/sui.git", rev = "framework/mainnet", subdir = "crates/sui-framework/packages/sui-system" }

dependencies = [
  { id = "MoveStdlib", name = "MoveStdlib" },
  { id = "Sui", name = "Sui" },
]

[move.toolchain-version]
compiler-version = "1.44.3"
edition = "2024.beta"
flavor = "sui"

[env]

[env.testnet]
chain-id = "4c78adac"
original-published-id = "0x054acc66b4e75276f5c0adc18468170b9d46ccd83cfd00d148af82982a2c0fc6"
latest-published-id = "0x054acc66b4e75276f5c0adc18468170b9d46ccd83cfd00d148af82982a2c0fc6"
published-version = "1"

[env.mainnet]
chain-id = "35834a8a"
original-published-id = "0xb0575765166030556a6eafd3b1b970eba8183ff748860680245b9edd41c716e7"
latest-published-id = "0x8d196820b321bb3c56863b3eb0dd90a49f9eb52e3473373efcebf4388bf04416"
published-version = "5"
