# @generated by Move, please check-in and do not edit manually.

[move]
version = 2
manifest_digest = "11919C69FC6F2DF895D66297DE1B849C84A1A722EC307DBA0184F76C0DB971EE"
deps_digest = "3C4103934B1E040BB6B23F1D610B4EF9F2F1166A50A104EADCF77467C004C600"
dependencies = [
  { name = "Sui" },
  { name = "SuiSystem" },
]

[[move.package]]
name = "MoveStdlib"
source = { git = "https://github.com/MystenLabs/sui.git", rev = "framework/testnet", subdir = "crates/sui-framework/packages/move-stdlib" }

[[move.package]]
name = "Sui"
source = { git = "https://github.com/MystenLabs/sui.git", rev = "framework/testnet", subdir = "crates/sui-framework/packages/sui-framework" }

dependencies = [
  { name = "MoveStdlib" },
]

[[move.package]]
name = "SuiSystem"
source = { git = "https://github.com/MystenLabs/sui.git", rev = "framework/testnet", subdir = "crates/sui-framework/packages/sui-system" }

dependencies = [
  { name = "MoveStdlib" },
  { name = "Sui" },
]

[move.toolchain-version]
compiler-version = "1.34.2"
edition = "2024.beta"
flavor = "sui"

[env]

[env.testnet]
chain-id = "4c78adac"
original-published-id = "0x054acc66b4e75276f5c0adc18468170b9d46ccd83cfd00d148af82982a2c0fc6"
latest-published-id = "0x054acc66b4e75276f5c0adc18468170b9d46ccd83cfd00d148af82982a2c0fc6"
published-version = "1"

[env.mainnet]
chain-id = "35834a8a"
original-published-id = "0xcfbcad8e0444ca85ad7ee28054585d12a7487bdbd83569ded988ca13441bf16e"
latest-published-id = "0xcfbcad8e0444ca85ad7ee28054585d12a7487bdbd83569ded988ca13441bf16e"
published-version = "1"
